
Microsoft Visual Studio Solution File, Format Version 12.00
# Visual Studio 2013
VisualStudioVersion = 12.0.40629.0
MinimumVisualStudioVersion = 10.0.40219.1
Project("{F184B08F-C81C-45F6-A57F-5ABD9991F28F}") = "VB", "VB\VB.vbproj", "{1FF6D405-94D8-4DC8-8938-8CC1D5E23E66}"
EndProject
Project("{2150E333-8FDC-42A3-9474-1A3956D46DE8}") = "CustomFunctionCS", "CustomFunctionCS", "{39F65530-AC2A-4089-B992-9DAE4A7C8169}"
EndProject
Project("{FAE04EC0-301F-11D3-BF4B-00C04F79EFBC}") = "CustomFunctionCS1", "CustomFunctionCS1\CustomFunctionCS1.csproj", "{4D23FAD1-6F8A-46D7-870A-F4DD993234ED}"
EndProject
Global
	GlobalSection(SolutionConfigurationPlatforms) = preSolution
		Debug|Any CPU = Debug|Any CPU
		Debug|ARM = Debug|ARM
		Debug|x64 = Debug|x64
		Debug|x86 = Debug|x86
		Release|Any CPU = Release|Any CPU
		Release|ARM = Release|ARM
		Release|x64 = Release|x64
		Release|x86 = Release|x86
	EndGlobalSection
	GlobalSection(ProjectConfigurationPlatforms) = postSolution
		{1FF6D405-94D8-4DC8-8938-8CC1D5E23E66}.Debug|Any CPU.ActiveCfg = Debug|Any CPU
		{1FF6D405-94D8-4DC8-8938-8CC1D5E23E66}.Debug|Any CPU.Build.0 = Debug|Any CPU
		{1FF6D405-94D8-4DC8-8938-8CC1D5E23E66}.Debug|ARM.ActiveCfg = Debug|Any CPU
		{1FF6D405-94D8-4DC8-8938-8CC1D5E23E66}.Debug|x64.ActiveCfg = Debug|Any CPU
		{1FF6D405-94D8-4DC8-8938-8CC1D5E23E66}.Debug|x86.ActiveCfg = Debug|Any CPU
		{1FF6D405-94D8-4DC8-8938-8CC1D5E23E66}.Release|Any CPU.ActiveCfg = Release|Any CPU
		{1FF6D405-94D8-4DC8-8938-8CC1D5E23E66}.Release|Any CPU.Build.0 = Release|Any CPU
		{1FF6D405-94D8-4DC8-8938-8CC1D5E23E66}.Release|ARM.ActiveCfg = Release|Any CPU
		{1FF6D405-94D8-4DC8-8938-8CC1D5E23E66}.Release|x64.ActiveCfg = Release|Any CPU
		{1FF6D405-94D8-4DC8-8938-8CC1D5E23E66}.Release|x86.ActiveCfg = Release|Any CPU
		{4D23FAD1-6F8A-46D7-870A-F4DD993234ED}.Debug|Any CPU.ActiveCfg = Debug|Any CPU
		{4D23FAD1-6F8A-46D7-870A-F4DD993234ED}.Debug|Any CPU.Build.0 = Debug|Any CPU
		{4D23FAD1-6F8A-46D7-870A-F4DD993234ED}.Debug|ARM.ActiveCfg = Debug|Any CPU
		{4D23FAD1-6F8A-46D7-870A-F4DD993234ED}.Debug|x64.ActiveCfg = Debug|Any CPU
		{4D23FAD1-6F8A-46D7-870A-F4DD993234ED}.Debug|x86.ActiveCfg = Debug|Any CPU
		{4D23FAD1-6F8A-46D7-870A-F4DD993234ED}.Release|Any CPU.ActiveCfg = Release|Any CPU
		{4D23FAD1-6F8A-46D7-870A-F4DD993234ED}.Release|Any CPU.Build.0 = Release|Any CPU
		{4D23FAD1-6F8A-46D7-870A-F4DD993234ED}.Release|ARM.ActiveCfg = Release|Any CPU
		{4D23FAD1-6F8A-46D7-870A-F4DD993234ED}.Release|x64.ActiveCfg = Release|Any CPU
		{4D23FAD1-6F8A-46D7-870A-F4DD993234ED}.Release|x86.ActiveCfg = Release|Any CPU
	EndGlobalSection
	GlobalSection(SolutionProperties) = preSolution
		HideSolutionNode = FALSE
	EndGlobalSection
EndGlobal
